// !$*UTF8*$!
{
	archiveVersion = 1;
	classes = {
	};
	objectVersion = 55;
	objects = {

/* Begin PBXBuildFile section */
		8FE7B77B281FCD49003C7890 /* AppDelegate.swift in Sources */ = {isa = PBXBuildFile; fileRef = 8FE7B77A281FCD49003C7890 /* AppDelegate.swift */; };
		8FE7B77D281FCD49003C7890 /* SceneDelegate.swift in Sources */ = {isa = PBXBuildFile; fileRef = 8FE7B77C281FCD49003C7890 /* SceneDelegate.swift */; };
		8FE7B77F281FCD49003C7890 /* ViewController.swift in Sources */ = {isa = PBXBuildFile; fileRef = 8FE7B77E281FCD49003C7890 /* ViewController.swift */; };
		8FE7B782281FCD49003C7890 /* Main.storyboard in Resources */ = {isa = PBXBuildFile; fileRef = 8FE7B780281FCD49003C7890 /* Main.storyboard */; };
		8FE7B784281FCD4B003C7890 /* Assets.xcassets in Resources */ = {isa = PBXBuildFile; fileRef = 8FE7B783281FCD4B003C7890 /* Assets.xcassets */; };
		8FE7B787281FCD4B003C7890 /* LaunchScreen.storyboard in Resources */ = {isa = PBXBuildFile; fileRef = 8FE7B785281FCD4B003C7890 /* LaunchScreen.storyboard */; };
		8FE7B792281FCD4B003C7890 /* TicTacToeTests.swift in Sources */ = {isa = PBXBuildFile; fileRef = 8FE7B791281FCD4B003C7890 /* TicTacToeTests.swift */; };
		8FE7B79C281FCD4B003C7890 /* TicTacToeUITests.swift in Sources */ = {isa = PBXBuildFile; fileRef = 8FE7B79B281FCD4B003C7890 /* TicTacToeUITests.swift */; };
		8FE7B79E281FCD4B003C7890 /* TicTacToeUITestsLaunchTests.swift in Sources */ = {isa = PBXBuildFile; fileRef = 8FE7B79D281FCD4B003C7890 /* TicTacToeUITestsLaunchTests.swift */; };
		8FE7B7AB281FCE5B003C7890 /* BoardView.swift in Sources */ = {isa = PBXBuildFile; fileRef = 8FE7B7AA281FCE5B003C7890 /* BoardView.swift */; };
		8FE7B7B0281FCF12003C7890 /* BoardCollectionViewCell.swift in Sources */ = {isa = PBXBuildFile; fileRef = 8FE7B7AF281FCF12003C7890 /* BoardCollectionViewCell.swift */; };
		8FE7B7B2281FCF3E003C7890 /* GridCollectionViewLayout.swift in Sources */ = {isa = PBXBuildFile; fileRef = 8FE7B7B1281FCF3E003C7890 /* GridCollectionViewLayout.swift */; };
/* End PBXBuildFile section */

/* Begin PBXContainerItemProxy section */
		8FE7B78E281FCD4B003C7890 /* PBXContainerItemProxy */ = {
			isa = PBXContainerItemProxy;
			containerPortal = 8FE7B76F281FCD49003C7890 /* Project object */;
			proxyType = 1;
			remoteGlobalIDString = 8FE7B776281FCD49003C7890;
			remoteInfo = TicTacToe;
		};
		8FE7B798281FCD4B003C7890 /* PBXContainerItemProxy */ = {
			isa = PBXContainerItemProxy;
			containerPortal = 8FE7B76F281FCD49003C7890 /* Project object */;
			proxyType = 1;
			remoteGlobalIDString = 8FE7B776281FCD49003C7890;
			remoteInfo = TicTacToe;
		};
/* End PBXContainerItemProxy section */

/* Begin PBXFileReference section */
		8FE7B777281FCD49003C7890 /* TicTacToe.app */ = {isa = PBXFileReference; explicitFileType = wrapper.application; includeInIndex = 0; path = TicTacToe.app; sourceTree = BUILT_PRODUCTS_DIR; };
		8FE7B77A281FCD49003C7890 /* AppDelegate.swift */ = {isa = PBXFileReference; lastKnownFileType = sourcecode.swift; path = AppDelegate.swift; sourceTree = "<group>"; };
		8FE7B77C281FCD49003C7890 /* SceneDelegate.swift */ = {isa = PBXFileReference; lastKnownFileType = sourcecode.swift; path = SceneDelegate.swift; sourceTree = "<group>"; };
		8FE7B77E281FCD49003C7890 /* ViewController.swift */ = {isa = PBXFileReference; lastKnownFileType = sourcecode.swift; path = ViewController.swift; sourceTree = "<group>"; };
		8FE7B781281FCD49003C7890 /* Base */ = {isa = PBXFileReference; lastKnownFileType = file.storyboard; name = Base; path = Base.lproj/Main.storyboard; sourceTree = "<group>"; };
		8FE7B783281FCD4B003C7890 /* Assets.xcassets */ = {isa = PBXFileReference; lastKnownFileType = folder.assetcatalog; path = Assets.xcassets; sourceTree = "<group>"; };
		8FE7B786281FCD4B003C7890 /* Base */ = {isa = PBXFileReference; lastKnownFileType = file.storyboard; name = Base; path = Base.lproj/LaunchScreen.storyboard; sourceTree = "<group>"; };
		8FE7B788281FCD4B003C7890 /* Info.plist */ = {isa = PBXFileReference; lastKnownFileType = text.plist.xml; path = Info.plist; sourceTree = "<group>"; };
		8FE7B78D281FCD4B003C7890 /* TicTacToeTests.xctest */ = {isa = PBXFileReference; explicitFileType = wrapper.cfbundle; includeInIndex = 0; path = TicTacToeTests.xctest; sourceTree = BUILT_PRODUCTS_DIR; };
		8FE7B791281FCD4B003C7890 /* TicTacToeTests.swift */ = {isa = PBXFileReference; lastKnownFileType = sourcecode.swift; path = TicTacToeTests.swift; sourceTree = "<group>"; };
		8FE7B797281FCD4B003C7890 /* TicTacToeUITests.xctest */ = {isa = PBXFileReference; explicitFileType = wrapper.cfbundle; includeInIndex = 0; path = TicTacToeUITests.xctest; sourceTree = BUILT_PRODUCTS_DIR; };
		8FE7B79B281FCD4B003C7890 /* TicTacToeUITests.swift */ = {isa = PBXFileReference; lastKnownFileType = sourcecode.swift; path = TicTacToeUITests.swift; sourceTree = "<group>"; };
		8FE7B79D281FCD4B003C7890 /* TicTacToeUITestsLaunchTests.swift */ = {isa = PBXFileReference; lastKnownFileType = sourcecode.swift; path = TicTacToeUITestsLaunchTests.swift; sourceTree = "<group>"; };
		8FE7B7AA281FCE5B003C7890 /* BoardView.swift */ = {isa = PBXFileReference; lastKnownFileType = sourcecode.swift; path = BoardView.swift; sourceTree = "<group>"; };
		8FE7B7AF281FCF12003C7890 /* BoardCollectionViewCell.swift */ = {isa = PBXFileReference; lastKnownFileType = sourcecode.swift; path = BoardCollectionViewCell.swift; sourceTree = "<group>"; };
		8FE7B7B1281FCF3E003C7890 /* GridCollectionViewLayout.swift */ = {isa = PBXFileReference; lastKnownFileType = sourcecode.swift; path = GridCollectionViewLayout.swift; sourceTree = "<group>"; };
/* End PBXFileReference section */

/* Begin PBXFrameworksBuildPhase section */
		8FE7B774281FCD49003C7890 /* Frameworks */ = {
			isa = PBXFrameworksBuildPhase;
			buildActionMask = 2147483647;
			files = (
			);
			runOnlyForDeploymentPostprocessing = 0;
		};
		8FE7B78A281FCD4B003C7890 /* Frameworks */ = {
			isa = PBXFrameworksBuildPhase;
			buildActionMask = 2147483647;
			files = (
			);
			runOnlyForDeploymentPostprocessing = 0;
		};
		8FE7B794281FCD4B003C7890 /* Frameworks */ = {
			isa = PBXFrameworksBuildPhase;
			buildActionMask = 2147483647;
			files = (
			);
			runOnlyForDeploymentPostprocessing = 0;
		};
/* End PBXFrameworksBuildPhase section */

/* Begin PBXGroup section */
		8FE7B76E281FCD49003C7890 = {
			isa = PBXGroup;
			children = (
				8FE7B779281FCD49003C7890 /* TicTacToe */,
				8FE7B790281FCD4B003C7890 /* TicTacToeTests */,
				8FE7B79A281FCD4B003C7890 /* TicTacToeUITests */,
				8FE7B778281FCD49003C7890 /* Products */,
			);
			sourceTree = "<group>";
		};
		8FE7B778281FCD49003C7890 /* Products */ = {
			isa = PBXGroup;
			children = (
				8FE7B777281FCD49003C7890 /* TicTacToe.app */,
				8FE7B78D281FCD4B003C7890 /* TicTacToeTests.xctest */,
				8FE7B797281FCD4B003C7890 /* TicTacToeUITests.xctest */,
			);
			name = Products;
			sourceTree = "<group>";
		};
		8FE7B779281FCD49003C7890 /* TicTacToe */ = {
			isa = PBXGroup;
			children = (
				8FE7B7AC281FCE93003C7890 /* Internal */,
				8FE7B77A281FCD49003C7890 /* AppDelegate.swift */,
				8FE7B77C281FCD49003C7890 /* SceneDelegate.swift */,
				8FE7B77E281FCD49003C7890 /* ViewController.swift */,
				8FE7B7AA281FCE5B003C7890 /* BoardView.swift */,
				8FE7B780281FCD49003C7890 /* Main.storyboard */,
				8FE7B783281FCD4B003C7890 /* Assets.xcassets */,
				8FE7B785281FCD4B003C7890 /* LaunchScreen.storyboard */,
				8FE7B788281FCD4B003C7890 /* Info.plist */,
			);
			path = TicTacToe;
			sourceTree = "<group>";
		};
		8FE7B790281FCD4B003C7890 /* TicTacToeTests */ = {
			isa = PBXGroup;
			children = (
				8FE7B791281FCD4B003C7890 /* TicTacToeTests.swift */,
			);
			path = TicTacToeTests;
			sourceTree = "<group>";
		};
		8FE7B79A281FCD4B003C7890 /* TicTacToeUITests */ = {
			isa = PBXGroup;
			children = (
				8FE7B79B281FCD4B003C7890 /* TicTacToeUITests.swift */,
				8FE7B79D281FCD4B003C7890 /* TicTacToeUITestsLaunchTests.swift */,
			);
			path = TicTacToeUITests;
			sourceTree = "<group>";
		};
		8FE7B7AC281FCE93003C7890 /* Internal */ = {
			isa = PBXGroup;
			children = (
				8FE7B7AF281FCF12003C7890 /* BoardCollectionViewCell.swift */,
				8FE7B7B1281FCF3E003C7890 /* GridCollectionViewLayout.swift */,
			);
			path = Internal;
			sourceTree = "<group>";
		};
/* End PBXGroup section */

/* Begin PBXNativeTarget section */
		8FE7B776281FCD49003C7890 /* TicTacToe */ = {
			isa = PBXNativeTarget;
			buildConfigurationList = 8FE7B7A1281FCD4B003C7890 /* Build configuration list for PBXNativeTarget "TicTacToe" */;
			buildPhases = (
				8FE7B773281FCD49003C7890 /* Sources */,
				8FE7B774281FCD49003C7890 /* Frameworks */,
				8FE7B775281FCD49003C7890 /* Resources */,
			);
			buildRules = (
			);
			dependencies = (
			);
			name = TicTacToe;
			productName = TicTacToe;
			productReference = 8FE7B777281FCD49003C7890 /* TicTacToe.app */;
			productType = "com.apple.product-type.application";
		};
		8FE7B78C281FCD4B003C7890 /* TicTacToeTests */ = {
			isa = PBXNativeTarget;
			buildConfigurationList = 8FE7B7A4281FCD4B003C7890 /* Build configuration list for PBXNativeTarget "TicTacToeTests" */;
			buildPhases = (
				8FE7B789281FCD4B003C7890 /* Sources */,
				8FE7B78A281FCD4B003C7890 /* Frameworks */,
				8FE7B78B281FCD4B003C7890 /* Resources */,
			);
			buildRules = (
			);
			dependencies = (
				8FE7B78F281FCD4B003C7890 /* PBXTargetDependency */,
			);
			name = TicTacToeTests;
			productName = TicTacToeTests;
			productReference = 8FE7B78D281FCD4B003C7890 /* TicTacToeTests.xctest */;
			productType = "com.apple.product-type.bundle.unit-test";
		};
		8FE7B796281FCD4B003C7890 /* TicTacToeUITests */ = {
			isa = PBXNativeTarget;
			buildConfigurationList = 8FE7B7A7281FCD4B003C7890 /* Build configuration list for PBXNativeTarget "TicTacToeUITests" */;
			buildPhases = (
				8FE7B793281FCD4B003C7890 /* Sources */,
				8FE7B794281FCD4B003C7890 /* Frameworks */,
				8FE7B795281FCD4B003C7890 /* Resources */,
			);
			buildRules = (
			);
			dependencies = (
				8FE7B799281FCD4B003C7890 /* PBXTargetDependency */,
			);
			name = TicTacToeUITests;
			productName = TicTacToeUITests;
			productReference = 8FE7B797281FCD4B003C7890 /* TicTacToeUITests.xctest */;
			productType = "com.apple.product-type.bundle.ui-testing";
		};
/* End PBXNativeTarget section */

/* Begin PBXProject section */
		8FE7B76F281FCD49003C7890 /* Project object */ = {
			isa = PBXProject;
			attributes = {
				BuildIndependentTargetsInParallel = 1;
				LastSwiftUpdateCheck = 1330;
				LastUpgradeCheck = 1330;
				TargetAttributes = {
					8FE7B776281FCD49003C7890 = {
						CreatedOnToolsVersion = 13.3;
					};
					8FE7B78C281FCD4B003C7890 = {
						CreatedOnToolsVersion = 13.3;
						TestTargetID = 8FE7B776281FCD49003C7890;
					};
					8FE7B796281FCD4B003C7890 = {
						CreatedOnToolsVersion = 13.3;
						TestTargetID = 8FE7B776281FCD49003C7890;
					};
				};
			};
			buildConfigurationList = 8FE7B772281FCD49003C7890 /* Build configuration list for PBXProject "TicTacToe" */;
			compatibilityVersion = "Xcode 13.0";
			developmentRegion = en;
			hasScannedForEncodings = 0;
			knownRegions = (
				en,
				Base,
			);
			mainGroup = 8FE7B76E281FCD49003C7890;
			productRefGroup = 8FE7B778281FCD49003C7890 /* Products */;
			projectDirPath = "";
			projectRoot = "";
			targets = (
				8FE7B776281FCD49003C7890 /* TicTacToe */,
				8FE7B78C281FCD4B003C7890 /* TicTacToeTests */,
				8FE7B796281FCD4B003C7890 /* TicTacToeUITests */,
			);
		};
/* End PBXProject section */

/* Begin PBXResourcesBuildPhase section */
		8FE7B775281FCD49003C7890 /* Resources */ = {
			isa = PBXResourcesBuildPhase;
			buildActionMask = 2147483647;
			files = (
				8FE7B787281FCD4B003C7890 /* LaunchScreen.storyboard in Resources */,
				8FE7B784281FCD4B003C7890 /* Assets.xcassets in Resources */,
				8FE7B782281FCD49003C7890 /* Main.storyboard in Resources */,
			);
			runOnlyForDeploymentPostprocessing = 0;
		};
		8FE7B78B281FCD4B003C7890 /* Resources */ = {
			isa = PBXResourcesBuildPhase;
			buildActionMask = 2147483647;
			files = (
			);
			runOnlyForDeploymentPostprocessing = 0;
		};
		8FE7B795281FCD4B003C7890 /* Resources */ = {
			isa = PBXResourcesBuildPhase;
			buildActionMask = 2147483647;
			files = (
			);
			runOnlyForDeploymentPostprocessing = 0;
		};
/* End PBXResourcesBuildPhase section */

/* Begin PBXSourcesBuildPhase section */
		8FE7B773281FCD49003C7890 /* Sources */ = {
			isa = PBXSourcesBuildPhase;
			buildActionMask = 2147483647;
			files = (
				8FE7B7B2281FCF3E003C7890 /* GridCollectionViewLayout.swift in Sources */,
				8FE7B77F281FCD49003C7890 /* ViewController.swift in Sources */,
				8FE7B7AB281FCE5B003C7890 /* BoardView.swift in Sources */,
				8FE7B77B281FCD49003C7890 /* AppDelegate.swift in Sources */,
				8FE7B77D281FCD49003C7890 /* SceneDelegate.swift in Sources */,
				8FE7B7B0281FCF12003C7890 /* BoardCollectionViewCell.swift in Sources */,
			);
			runOnlyForDeploymentPostprocessing = 0;
		};
		8FE7B789281FCD4B003C7890 /* Sources */ = {
			isa = PBXSourcesBuildPhase;
			buildActionMask = 2147483647;
			files = (
				8FE7B792281FCD4B003C7890 /* TicTacToeTests.swift in Sources */,
			);
			runOnlyForDeploymentPostprocessing = 0;
		};
		8FE7B793281FCD4B003C7890 /* Sources */ = {
			isa = PBXSourcesBuildPhase;
			buildActionMask = 2147483647;
			files = (
				8FE7B79C281FCD4B003C7890 /* TicTacToeUITests.swift in Sources */,
				8FE7B79E281FCD4B003C7890 /* TicTacToeUITestsLaunchTests.swift in Sources */,
			);
			runOnlyForDeploymentPostprocessing = 0;
		};
/* End PBXSourcesBuildPhase section */

/* Begin PBXTargetDependency section */
		8FE7B78F281FCD4B003C7890 /* PBXTargetDependency */ = {
			isa = PBXTargetDependency;
			target = 8FE7B776281FCD49003C7890 /* TicTacToe */;
			targetProxy = 8FE7B78E281FCD4B003C7890 /* PBXContainerItemProxy */;
		};
		8FE7B799281FCD4B003C7890 /* PBXTargetDependency */ = {
			isa = PBXTargetDependency;
			target = 8FE7B776281FCD49003C7890 /* TicTacToe */;
			targetProxy = 8FE7B798281FCD4B003C7890 /* PBXContainerItemProxy */;
		};
/* End PBXTargetDependency section */

/* Begin PBXVariantGroup section */
		8FE7B780281FCD49003C7890 /* Main.storyboard */ = {
			isa = PBXVariantGroup;
			children = (
				8FE7B781281FCD49003C7890 /* Base */,
			);
			name = Main.storyboard;
			sourceTree = "<group>";
		};
		8FE7B785281FCD4B003C7890 /* LaunchScreen.storyboard */ = {
			isa = PBXVariantGroup;
			children = (
				8FE7B786281FCD4B003C7890 /* Base */,
			);
			name = LaunchScreen.storyboard;
			sourceTree = "<group>";
		};
/* End PBXVariantGroup section */

/* Begin XCBuildConfiguration section */
		8FE7B79F281FCD4B003C7890 /* Debug */ = {
			isa = XCBuildConfiguration;
			buildSettings = {
				ALWAYS_SEARCH_USER_PATHS = NO;
				CLANG_ANALYZER_NONNULL = YES;
				CLANG_ANALYZER_NUMBER_OBJECT_CONVERSION = YES_AGGRESSIVE;
				CLANG_CXX_LANGUAGE_STANDARD = "gnu++17";
				CLANG_ENABLE_MODULES = YES;
				CLANG_ENABLE_OBJC_ARC = YES;
				CLANG_ENABLE_OBJC_WEAK = YES;
				CLANG_WARN_BLOCK_CAPTURE_AUTORELEASING = YES;
				CLANG_WARN_BOOL_CONVERSION = YES;
				CLANG_WARN_COMMA = YES;
				CLANG_WARN_CONSTANT_CONVERSION = YES;
				CLANG_WARN_DEPRECATED_OBJC_IMPLEMENTATIONS = YES;
				CLANG_WARN_DIRECT_OBJC_ISA_USAGE = YES_ERROR;
				CLANG_WARN_DOCUMENTATION_COMMENTS = YES;
				CLANG_WARN_EMPTY_BODY = YES;
				CLANG_WARN_ENUM_CONVERSION = YES;
				CLANG_WARN_INFINITE_RECURSION = YES;
				CLANG_WARN_INT_CONVERSION = YES;
				CLANG_WARN_NON_LITERAL_NULL_CONVERSION = YES;
				CLANG_WARN_OBJC_IMPLICIT_RETAIN_SELF = YES;
				CLANG_WARN_OBJC_LITERAL_CONVERSION = YES;
				CLANG_WARN_OBJC_ROOT_CLASS = YES_ERROR;
				CLANG_WARN_QUOTED_INCLUDE_IN_FRAMEWORK_HEADER = YES;
				CLANG_WARN_RANGE_LOOP_ANALYSIS = YES;
				CLANG_WARN_STRICT_PROTOTYPES = YES;
				CLANG_WARN_SUSPICIOUS_MOVE = YES;
				CLANG_WARN_UNGUARDED_AVAILABILITY = YES_AGGRESSIVE;
				CLANG_WARN_UNREACHABLE_CODE = YES;
				CLANG_WARN__DUPLICATE_METHOD_MATCH = YES;
				COPY_PHASE_STRIP = NO;
				DEBUG_INFORMATION_FORMAT = dwarf;
				ENABLE_STRICT_OBJC_MSGSEND = YES;
				ENABLE_TESTABILITY = YES;
				GCC_C_LANGUAGE_STANDARD = gnu11;
				GCC_DYNAMIC_NO_PIC = NO;
				GCC_NO_COMMON_BLOCKS = YES;
				GCC_OPTIMIZATION_LEVEL = 0;
				GCC_PREPROCESSOR_DEFINITIONS = (
					"DEBUG=1",
					"$(inherited)",
				);
				GCC_WARN_64_TO_32_BIT_CONVERSION = YES;
				GCC_WARN_ABOUT_RETURN_TYPE = YES_ERROR;
				GCC_WARN_UNDECLARED_SELECTOR = YES;
				GCC_WARN_UNINITIALIZED_AUTOS = YES_AGGRESSIVE;
				GCC_WARN_UNUSED_FUNCTION = YES;
				GCC_WARN_UNUSED_VARIABLE = YES;
				IPHONEOS_DEPLOYMENT_TARGET = 15.4;
				MTL_ENABLE_DEBUG_INFO = INCLUDE_SOURCE;
				MTL_FAST_MATH = YES;
				ONLY_ACTIVE_ARCH = YES;
				SDKROOT = iphoneos;
				SWIFT_ACTIVE_COMPILATION_CONDITIONS = DEBUG;
				SWIFT_OPTIMIZATION_LEVEL = "-Onone";
			};
			name = Debug;
		};
		8FE7B7A0281FCD4B003C7890 /* Release */ = {
			isa = XCBuildConfiguration;
			buildSettings = {
				ALWAYS_SEARCH_USER_PATHS = NO;
				CLANG_ANALYZER_NONNULL = YES;
				CLANG_ANALYZER_NUMBER_OBJECT_CONVERSION = YES_AGGRESSIVE;
				CLANG_CXX_LANGUAGE_STANDARD = "gnu++17";
				CLANG_ENABLE_MODULES = YES;
				CLANG_ENABLE_OBJC_ARC = YES;
				CLANG_ENABLE_OBJC_WEAK = YES;
				CLANG_WARN_BLOCK_CAPTURE_AUTORELEASING = YES;
				CLANG_WARN_BOOL_CONVERSION = YES;
				CLANG_WARN_COMMA = YES;
				CLANG_WARN_CONSTANT_CONVERSION = YES;
				CLANG_WARN_DEPRECATED_OBJC_IMPLEMENTATIONS = YES;
				CLANG_WARN_DIRECT_OBJC_ISA_USAGE = YES_ERROR;
				CLANG_WARN_DOCUMENTATION_COMMENTS = YES;
				CLANG_WARN_EMPTY_BODY = YES;
				CLANG_WARN_ENUM_CONVERSION = YES;
				CLANG_WARN_INFINITE_RECURSION = YES;
				CLANG_WARN_INT_CONVERSION = YES;
				CLANG_WARN_NON_LITERAL_NULL_CONVERSION = YES;
				CLANG_WARN_OBJC_IMPLICIT_RETAIN_SELF = YES;
				CLANG_WARN_OBJC_LITERAL_CONVERSION = YES;
				CLANG_WARN_OBJC_ROOT_CLASS = YES_ERROR;
				CLANG_WARN_QUOTED_INCLUDE_IN_FRAMEWORK_HEADER = YES;
				CLANG_WARN_RANGE_LOOP_ANALYSIS = YES;
				CLANG_WARN_STRICT_PROTOTYPES = YES;
				CLANG_WARN_SUSPICIOUS_MOVE = YES;
				CLANG_WARN_UNGUARDED_AVAILABILITY = YES_AGGRESSIVE;
				CLANG_WARN_UNREACHABLE_CODE = YES;
				CLANG_WARN__DUPLICATE_METHOD_MATCH = YES;
				COPY_PHASE_STRIP = NO;
				DEBUG_INFORMATION_FORMAT = "dwarf-with-dsym";
				ENABLE_NS_ASSERTIONS = NO;
				ENABLE_STRICT_OBJC_MSGSEND = YES;
				GCC_C_LANGUAGE_STANDARD = gnu11;
				GCC_NO_COMMON_BLOCKS = YES;
				GCC_WARN_64_TO_32_BIT_CONVERSION = YES;
				GCC_WARN_ABOUT_RETURN_TYPE = YES_ERROR;
				GCC_WARN_UNDECLARED_SELECTOR = YES;
				GCC_WARN_UNINITIALIZED_AUTOS = YES_AGGRESSIVE;
				GCC_WARN_UNUSED_FUNCTION = YES;
				GCC_WARN_UNUSED_VARIABLE = YES;
				IPHONEOS_DEPLOYMENT_TARGET = 15.4;
				MTL_ENABLE_DEBUG_INFO = NO;
				MTL_FAST_MATH = YES;
				SDKROOT = iphoneos;
				SWIFT_COMPILATION_MODE = wholemodule;
				SWIFT_OPTIMIZATION_LEVEL = "-O";
				VALIDATE_PRODUCT = YES;
			};
			name = Release;
		};
		8FE7B7A2281FCD4B003C7890 /* Debug */ = {
			isa = XCBuildConfiguration;
			buildSettings = {
				ASSETCATALOG_COMPILER_APPICON_NAME = AppIcon;
				ASSETCATALOG_COMPILER_GLOBAL_ACCENT_COLOR_NAME = AccentColor;
				CODE_SIGN_STYLE = Automatic;
				CURRENT_PROJECT_VERSION = 1;
				DEVELOPMENT_TEAM = 8Y5JR96843;
				GENERATE_INFOPLIST_FILE = YES;
				INFOPLIST_FILE = TicTacToe/Info.plist;
				INFOPLIST_KEY_UIApplicationSupportsIndirectInputEvents = YES;
				INFOPLIST_KEY_UILaunchStoryboardName = LaunchScreen;
				INFOPLIST_KEY_UIMainStoryboardFile = Main;
				INFOPLIST_KEY_UISupportedInterfaceOrientations_iPad = "UIInterfaceOrientationPortrait UIInterfaceOrientationPortraitUpsideDown UIInterfaceOrientationLandscapeLeft UIInterfaceOrientationLandscapeRight";
				INFOPLIST_KEY_UISupportedInterfaceOrientations_iPhone = "UIInterfaceOrientationPortrait UIInterfaceOrientationLandscapeLeft UIInterfaceOrientationLandscapeRight";
				IPHONEOS_DEPLOYMENT_TARGET = 15.0;
				LD_RUNPATH_SEARCH_PATHS = (
					"$(inherited)",
					"@executable_path/Frameworks",
				);
				MARKETING_VERSION = 1.0;
				PRODUCT_BUNDLE_IDENTIFIER = com.mykhailoseleznyov.TicTacToe;
				PRODUCT_NAME = "$(TARGET_NAME)";
				SWIFT_EMIT_LOC_STRINGS = YES;
				SWIFT_VERSION = 5.0;
				TARGETED_DEVICE_FAMILY = 1;
			};
			name = Debug;
		};
		8FE7B7A3281FCD4B003C7890 /* Release */ = {
			isa = XCBuildConfiguration;
			buildSettings = {
				ASSETCATALOG_COMPILER_APPICON_NAME = AppIcon;
				ASSETCATALOG_COMPILER_GLOBAL_ACCENT_COLOR_NAME = AccentColor;
				CODE_SIGN_STYLE = Automatic;
				CURRENT_PROJECT_VERSION = 1;
				DEVELOPMENT_TEAM = 8Y5JR96843;
				GENERATE_INFOPLIST_FILE = YES;
				INFOPLIST_FILE = TicTacToe/Info.plist;
				INFOPLIST_KEY_UIApplicationSupportsIndirectInputEvents = YES;
				INFOPLIST_KEY_UILaunchStoryboardName = LaunchScreen;
				INFOPLIST_KEY_UIMainStoryboardFile = Main;
				INFOPLIST_KEY_UISupportedInterfaceOrientations_iPad = "UIInterfaceOrientationPortrait UIInterfaceOrientationPortraitUpsideDown UIInterfaceOrientationLandscapeLeft UIInterfaceOrientationLandscapeRight";
				INFOPLIST_KEY_UISupportedInterfaceOrientations_iPhone = "UIInterfaceOrientationPortrait UIInterfaceOrientationLandscapeLeft UIInterfaceOrientationLandscapeRight";
				IPHONEOS_DEPLOYMENT_TARGET = 15.0;
				LD_RUNPATH_SEARCH_PATHS = (
					"$(inherited)",
					"@executable_path/Frameworks",
				);
				MARKETING_VERSION = 1.0;
				PRODUCT_BUNDLE_IDENTIFIER = com.mykhailoseleznyov.TicTacToe;
				PRODUCT_NAME = "$(TARGET_NAME)";
				SWIFT_EMIT_LOC_STRINGS = YES;
				SWIFT_VERSION = 5.0;
				TARGETED_DEVICE_FAMILY = 1;
			};
			name = Release;
		};
		8FE7B7A5281FCD4B003C7890 /* Debug */ = {
			isa = XCBuildConfiguration;
			buildSettings = {
				ALWAYS_EMBED_SWIFT_STANDARD_LIBRARIES = YES;
				BUNDLE_LOADER = "$(TEST_HOST)";
				CODE_SIGN_STYLE = Automatic;
				CURRENT_PROJECT_VERSION = 1;
				DEVELOPMENT_TEAM = 8Y5JR96843;
				GENERATE_INFOPLIST_FILE = YES;
				IPHONEOS_DEPLOYMENT_TARGET = 15.4;
				MARKETING_VERSION = 1.0;
				PRODUCT_BUNDLE_IDENTIFIER = com.mykhailoseleznyov.TicTacToeTests;
				PRODUCT_NAME = "$(TARGET_NAME)";
				SWIFT_EMIT_LOC_STRINGS = NO;
				SWIFT_VERSION = 5.0;
				TARGETED_DEVICE_FAMILY = "1,2";
				TEST_HOST = "$(BUILT_PRODUCTS_DIR)/TicTacToe.app/TicTacToe";
			};
			name = Debug;
		};
		8FE7B7A6281FCD4B003C7890 /* Release */ = {
			isa = XCBuildConfiguration;
			buildSettings = {
				ALWAYS_EMBED_SWIFT_STANDARD_LIBRARIES = YES;
				BUNDLE_LOADER = "$(TEST_HOST)";
				CODE_SIGN_STYLE = Automatic;
				CURRENT_PROJECT_VERSION = 1;
				DEVELOPMENT_TEAM = 8Y5JR96843;
				GENERATE_INFOPLIST_FILE = YES;
				IPHONEOS_DEPLOYMENT_TARGET = 15.4;
				MARKETING_VERSION = 1.0;
				PRODUCT_BUNDLE_IDENTIFIER = com.mykhailoseleznyov.TicTacToeTests;
				PRODUCT_NAME = "$(TARGET_NAME)";
				SWIFT_EMIT_LOC_STRINGS = NO;
				SWIFT_VERSION = 5.0;
				TARGETED_DEVICE_FAMILY = "1,2";
				TEST_HOST = "$(BUILT_PRODUCTS_DIR)/TicTacToe.app/TicTacToe";
			};
			name = Release;
		};
		8FE7B7A8281FCD4B003C7890 /* Debug */ = {
			isa = XCBuildConfiguration;
			buildSettings = {
				ALWAYS_EMBED_SWIFT_STANDARD_LIBRARIES = YES;
				CODE_SIGN_STYLE = Automatic;
				CURRENT_PROJECT_VERSION = 1;
				DEVELOPMENT_TEAM = 8Y5JR96843;
				GENERATE_INFOPLIST_FILE = YES;
				MARKETING_VERSION = 1.0;
				PRODUCT_BUNDLE_IDENTIFIER = com.mykhailoseleznyov.TicTacToeUITests;
				PRODUCT_NAME = "$(TARGET_NAME)";
				SWIFT_EMIT_LOC_STRINGS = NO;
				SWIFT_VERSION = 5.0;
				TARGETED_DEVICE_FAMILY = "1,2";
				TEST_TARGET_NAME = TicTacToe;
			};
			name = Debug;
		};
		8FE7B7A9281FCD4B003C7890 /* Release */ = {
			isa = XCBuildConfiguration;
			buildSettings = {
				ALWAYS_EMBED_SWIFT_STANDARD_LIBRARIES = YES;
				CODE_SIGN_STYLE = Automatic;
				CURRENT_PROJECT_VERSION = 1;
				DEVELOPMENT_TEAM = 8Y5JR96843;
				GENERATE_INFOPLIST_FILE = YES;
				MARKETING_VERSION = 1.0;
				PRODUCT_BUNDLE_IDENTIFIER = com.mykhailoseleznyov.TicTacToeUITests;
				PRODUCT_NAME = "$(TARGET_NAME)";
				SWIFT_EMIT_LOC_STRINGS = NO;
				SWIFT_VERSION = 5.0;
				TARGETED_DEVICE_FAMILY = "1,2";
				TEST_TARGET_NAME = TicTacToe;
			};
			name = Release;
		};
/* End XCBuildConfiguration section */

/* Begin XCConfigurationList section */
		8FE7B772281FCD49003C7890 /* Build configuration list for PBXProject "TicTacToe" */ = {
			isa = XCConfigurationList;
			buildConfigurations = (
				8FE7B79F281FCD4B003C7890 /* Debug */,
				8FE7B7A0281FCD4B003C7890 /* Release */,
			);
			defaultConfigurationIsVisible = 0;
			defaultConfigurationName = Release;
		};
		8FE7B7A1281FCD4B003C7890 /* Build configuration list for PBXNativeTarget "TicTacToe" */ = {
			isa = XCConfigurationList;
			buildConfigurations = (
				8FE7B7A2281FCD4B003C7890 /* Debug */,
				8FE7B7A3281FCD4B003C7890 /* Release */,
			);
			defaultConfigurationIsVisible = 0;
			defaultConfigurationName = Release;
		};
		8FE7B7A4281FCD4B003C7890 /* Build configuration list for PBXNativeTarget "TicTacToeTests" */ = {
			isa = XCConfigurationList;
			buildConfigurations = (
				8FE7B7A5281FCD4B003C7890 /* Debug */,
				8FE7B7A6281FCD4B003C7890 /* Release */,
			);
			defaultConfigurationIsVisible = 0;
			defaultConfigurationName = Release;
		};
		8FE7B7A7281FCD4B003C7890 /* Build configuration list for PBXNativeTarget "TicTacToeUITests" */ = {
			isa = XCConfigurationList;
			buildConfigurations = (
				8FE7B7A8281FCD4B003C7890 /* Debug */,
				8FE7B7A9281FCD4B003C7890 /* Release */,
			);
			defaultConfigurationIsVisible = 0;
			defaultConfigurationName = Release;
		};
/* End XCConfigurationList section */
	};
	rootObject = 8FE7B76F281FCD49003C7890 /* Project object */;
}
